version = 1
revision = 3
requires-python = ">=3.13"

[[package]]
name = "dotenv"
version = "0.9.9"
source = { registry = "https://pypi.org/simple" }
dependencies = [
    { name = "python-dotenv" },
]
wheels = [
    { url = "https://files.pythonhosted.org/packages/b2/b7/545d2c10c1fc15e48653c91efde329a790f2eecfbbf2bd16003b5db2bab0/dotenv-0.9.9-py2.py3-none-any.whl", hash = "sha256:29cf74a087b31dafdb5a446b6d7e11cbce8ed2741540e2339c69fbef92c94ce9", size = 1892, upload-time = "2025-02-19T22:15:01.647Z" },
]

[[package]]
name = "ijson"
version = "3.5.0"
source = { registry = "https://pypi.org/simple" }
sdist = { url = "https://files.pythonhosted.org/packages/f4/57/60d1a6a512f2f0508d0bc8b4f1cc5616fd3196619b66bd6a01f9155a1292/ijson-3.5.0.tar.gz", hash = "sha256:94688760720e3f5212731b3cb8d30267f9a045fb38fb3870254e7b9504246f31", size = 68658, upload-time = "2026-02-24T03:58:30.974Z" }
wheels = [
    { url = "https://files.pythonhosted.org/packages/a2/71/d67e764a712c3590627480643a3b51efcc3afa4ef3cb54ee4c989073c97e/ijson-3.5.0-cp313-cp313-macosx_10_13_universal2.whl", hash = "sha256:e9cedc10e40dd6023c351ed8bfc7dcfce58204f15c321c3c1546b9c7b12562a4", size = 88544, upload-time = "2026-02-24T03:57:21.293Z" },
    { url = "https://files.pythonhosted.org/packages/1a/39/f1c299371686153fa3cf5c0736b96247a87a1bee1b7145e6d21f359c505a/ijson-3.5.0-cp313-cp313-macosx_10_13_x86_64.whl", hash = "sha256:3647649f782ee06c97490b43680371186651f3f69bebe64c6083ee7615d185e5", size = 60495, upload-time = "2026-02-24T03:57:22.501Z" },
    { url = "https://files.pythonhosted.org/packages/16/94/b1438e204d75e01541bebe3e668fe3e68612d210e9931ae1611062dd0a56/ijson-3.5.0-cp313-cp313-macosx_11_0_arm64.whl", hash = "sha256:90e74be1dce05fce73451c62d1118671f78f47c9f6be3991c82b91063bf01fc9", size = 60325, upload-time = "2026-02-24T03:57:23.332Z" },
    { url = "https://files.pythonhosted.org/packages/30/e2/4aa9c116fa86cc8b0f574f3c3a47409edc1cd4face05d0e589a5a176b05d/ijson-3.5.0-cp313-cp313-manylinux1_i686.manylinux_2_28_i686.manylinux_2_5_i686.whl", hash = "sha256:78e9ad73e7be2dd80627504bd5cbf512348c55ce2c06e362ed7683b5220e8568", size = 138774, upload-time = "2026-02-24T03:57:24.683Z" },
    { url = "https://files.pythonhosted.org/packages/d2/d2/738b88752a70c3be1505faa4dcd7110668c2712e582a6a36488ed1e295d4/ijson-3.5.0-cp313-cp313-manylinux2014_aarch64.manylinux_2_17_aarch64.manylinux_2_28_aarch64.whl", hash = "sha256:9577449313cc94be89a4fe4b3e716c65f09cc19636d5a6b2861c4e80dddebd58", size = 149820, upload-time = "2026-02-24T03:57:26.062Z" },
    { url = "https://files.pythonhosted.org/packages/ed/df/0b3ab9f393ca8f72ea03bc896ba9fdc987e90ae08cdb51c32a4ee0c14d5e/ijson-3.5.0-cp313-cp313-manylinux2014_x86_64.manylinux_2_17_x86_64.manylinux_2_28_x86_64.whl", hash = "sha256:3e4c1178fb50aff5f5701a30a5152ead82a14e189ce0f6102fa1b5f10b2f54ff", size = 149747, upload-time = "2026-02-24T03:57:27.308Z" },
    { url = "https://files.pythonhosted.org/packages/cc/a3/b0037119f75131b78cb00acc2657b1a9d0435475f1f2c5f8f5a170b66b9c/ijson-3.5.0-cp313-cp313-musllinux_1_2_aarch64.whl", hash = "sha256:0eb402ab026ffb37a918d75af2b7260fe6cfbce13232cc83728a714dd30bd81d", size = 151027, upload-time = "2026-02-24T03:57:28.522Z" },
    { url = "https://files.pythonhosted.org/packages/22/a0/cb344de1862bf09d8f769c9d25c944078c87dd59a1b496feec5ad96309a4/ijson-3.5.0-cp313-cp313-musllinux_1_2_i686.whl", hash = "sha256:5b08ee08355f9f729612a8eb9bf69cc14f9310c3b2a487c6f1c3c65d85216ec4", size = 142996, upload-time = "2026-02-24T03:57:29.774Z" },
    { url = "https://files.pythonhosted.org/packages/ca/32/a8ffd67182e02ea61f70f62daf43ded4fa8a830a2520a851d2782460aba8/ijson-3.5.0-cp313-cp313-musllinux_1_2_x86_64.whl", hash = "sha256:bda62b6d48442903e7bf56152108afb7f0f1293c2b9bef2f2c369defea76ab18", size = 152068, upload-time = "2026-02-24T03:57:30.969Z" },
    { url = "https://files.pythonhosted.org/packages/3c/d1/3578df8e75d446aab0ae92e27f641341f586b85e1988536adebc65300cb4/ijson-3.5.0-cp313-cp313-win32.whl", hash = "sha256:8d073d9b13574cfa11083cc7267c238b7a6ed563c2661e79192da4a25f09c82c", size = 53065, upload-time = "2026-02-24T03:57:31.93Z" },
    { url = "https://files.pythonhosted.org/packages/fb/a2/f7cdaf5896710da3e69e982e44f015a83d168aa0f3a89b6f074b5426779d/ijson-3.5.0-cp313-cp313-win_amd64.whl", hash = "sha256:2419f9e32e0968a876b04d8f26aeac042abd16f582810b576936bbc4c6015069", size = 55499, upload-time = "2026-02-24T03:57:32.773Z" },
    { url = "https://files.pythonhosted.org/packages/42/65/13e2492d17e19a2084523e18716dc2809159f2287fd2700c735f311e76c4/ijson-3.5.0-cp313-cp313t-macosx_10_13_universal2.whl", hash = "sha256:4d4b0cd676b8c842f7648c1a783448fac5cd3b98289abd83711b3e275e143524", size = 93019, upload-time = "2026-02-24T03:57:33.976Z" },
    { url = "https://files.pythonhosted.org/packages/33/92/483fc97ece0c3f1cecabf48f6a7a36e89d19369eec462faaeaa34c788992/ijson-3.5.0-cp313-cp313t-macosx_10_13_x86_64.whl", hash = "sha256:252dec3680a48bb82d475e36b4ae1b3a9d7eb690b951bb98a76c5fe519e30188", size = 62714, upload-time = "2026-02-24T03:57:34.819Z" },
    { url = "https://files.pythonhosted.org/packages/4b/88/793fe020a0fe9d9eed4c285cf4a5cfdb0a935708b3bde0d72f35c794b513/ijson-3.5.0-cp313-cp313t-macosx_11_0_arm64.whl", hash = "sha256:aa1b5dca97d323931fde2501172337384c958914d81a9dac7f00f0d4bfc76bc7", size = 62460, upload-time = "2026-02-24T03:57:35.874Z" },
    { url = "https://files.pythonhosted.org/packages/51/69/f1a2690aa8d4df1f4e262b385e65a933ffdc250b091531bac9a449c19e16/ijson-3.5.0-cp313-cp313t-manylinux1_i686.manylinux_2_28_i686.manylinux_2_5_i686.whl", hash = "sha256:7a5ec7fd86d606094bba6f6f8f87494897102fa4584ef653f3005c51a784c320", size = 199273, upload-time = "2026-02-24T03:57:37.07Z" },
    { url = "https://files.pythonhosted.org/packages/ea/a2/f1346d5299e79b988ab472dc773d5381ec2d57c23cb2f1af3ede4a810e62/ijson-3.5.0-cp313-cp313t-manylinux2014_aarch64.manylinux_2_17_aarch64.manylinux_2_28_aarch64.whl", hash = "sha256:009f41443e1521847701c6d87fa3923c0b1961be3c7e7de90947c8cb92ea7c44", size = 216884, upload-time = "2026-02-24T03:57:38.346Z" },
    { url = "https://files.pythonhosted.org/packages/28/3c/8b637e869be87799e6c2c3c275a30a546f086b1aed77e2b7f11512168c5a/ijson-3.5.0-cp313-cp313t-manylinux2014_x86_64.manylinux_2_17_x86_64.manylinux_2_28_x86_64.whl", hash = "sha256:e4c3651d1f9fe2839a93fdf8fd1d5ca3a54975349894249f3b1b572bcc4bd577", size = 207306, upload-time = "2026-02-24T03:57:39.718Z" },
    { url = "https://files.pythonhosted.org/packages/7f/7c/18b1c1df6951ca056782d7580ec40cea4ff9a27a0947d92640d1cc8c4ae3/ijson-3.5.0-cp313-cp313t-musllinux_1_2_aarch64.whl", hash = "sha256:945b7abcfcfeae2cde17d8d900870f03536494245dda7ad4f8d056faa303256c", size = 211364, upload-time = "2026-02-24T03:57:40.953Z" },
    { url = "https://files.pythonhosted.org/packages/f3/55/e795812e82851574a9dba8a53fde045378f531ef14110c6fb55dbd23b443/ijson-3.5.0-cp313-cp313t-musllinux_1_2_i686.whl", hash = "sha256:0574b0a841ff97495c13e9d7260fbf3d85358b061f540c52a123db9dbbaa2ed6", size = 200608, upload-time = "2026-02-24T03:57:42.272Z" },
    { url = "https://files.pythonhosted.org/packages/5c/cd/013c85b4749b57a4cb4c2670014d1b32b8db4ab1a7be92ea7aeb5d7fe7b5/ijson-3.5.0-cp313-cp313t-musllinux_1_2_x86_64.whl", hash = "sha256:f969ffb2b89c5cdf686652d7fb66252bc72126fa54d416317411497276056a18", size = 205127, upload-time = "2026-02-24T03:57:43.286Z" },
    { url = "https://files.pythonhosted.org/packages/0e/7c/faf643733e3ab677f180018f6a855c4ef70b7c46540987424c563c959e42/ijson-3.5.0-cp313-cp313t-win32.whl", hash = "sha256:59d3f9f46deed1332ad669518b8099920512a78bda64c1f021fcd2aff2b36693", size = 55282, upload-time = "2026-02-24T03:57:44.353Z" },
    { url = "https://files.pythonhosted.org/packages/69/22/94ddb47c24b491377aca06cd8fc9202cad6ab50619842457d2beefde21ea/ijson-3.5.0-cp313-cp313t-win_amd64.whl", hash = "sha256:5c2839fa233746d8aad3b8cd2354e441613f5df66d721d59da4a09394bd1db2b", size = 58016, upload-time = "2026-02-24T03:57:45.237Z" },
    { url = "https://files.pythonhosted.org/packages/7a/93/0868efe753dc1df80cc405cf0c1f2527a6991643607c741bff8dcb899b3b/ijson-3.5.0-cp314-cp314-macosx_10_15_universal2.whl", hash = "sha256:25a5a6b2045c90bb83061df27cfa43572afa43ba9408611d7bfe237c20a731a9", size = 89094, upload-time = "2026-02-24T03:57:46.115Z" },
    { url = "https://files.pythonhosted.org/packages/24/94/fd5a832a0df52ef5e4e740f14ac8640725d61034a1b0c561e8b5fb424706/ijson-3.5.0-cp314-cp314-macosx_10_15_x86_64.whl", hash = "sha256:8976c54c0b864bc82b951bae06567566ac77ef63b90a773a69cd73aab47f4f4f", size = 60715, upload-time = "2026-02-24T03:57:47.552Z" },
    { url = "https://files.pythonhosted.org/packages/70/79/1b9a90af5732491f9eec751ee211b86b11011e1158c555c06576d52c3919/ijson-3.5.0-cp314-cp314-macosx_11_0_arm64.whl", hash = "sha256:859eb2038f7f1b0664df4241957694cc35e6295992d71c98659b22c69b3cbc10", size = 60638, upload-time = "2026-02-24T03:57:48.428Z" },
    { url = "https://files.pythonhosted.org/packages/23/6f/2c551ea980fe56f68710a8d5389cfbd015fc45aaafd17c3c52c346db6aa1/ijson-3.5.0-cp314-cp314-manylinux1_i686.manylinux_2_28_i686.manylinux_2_5_i686.whl", hash = "sha256:c911aa02991c7c0d3639b6619b93a93210ff1e7f58bf7225d613abea10adc78e", size = 140667, upload-time = "2026-02-24T03:57:49.314Z" },
    { url = "https://files.pythonhosted.org/packages/25/0e/27b887879ba6a5bc29766e3c5af4942638c952220fd63e1e442674f7883a/ijson-3.5.0-cp314-cp314-manylinux2014_aarch64.manylinux_2_17_aarch64.manylinux_2_28_aarch64.whl", hash = "sha256:903cbdc350173605220edc19796fbea9b2203c8b3951fb7335abfa8ed37afda8", size = 149850, upload-time = "2026-02-24T03:57:50.329Z" },
    { url = "https://files.pythonhosted.org/packages/da/1e/23e10e1bc04bf31193b21e2960dce14b17dbd5d0c62204e8401c59d62c08/ijson-3.5.0-cp314-cp314-manylinux2014_x86_64.manylinux_2_17_x86_64.manylinux_2_28_x86_64.whl", hash = "sha256:a4549d96ded5b8efa71639b2160235415f6bdb8c83367615e2dbabcb72755c33", size = 149206, upload-time = "2026-02-24T03:57:51.261Z" },
    { url = "https://files.pythonhosted.org/packages/8e/90/e552f6495063b235cf7fa2c592f6597c057077195e517b842a0374fd470c/ijson-3.5.0-cp314-cp314-musllinux_1_2_aarch64.whl", hash = "sha256:6b2dcf6349e6042d83f3f8c39ce84823cf7577eba25bac5aae5e39bbbbbe9c1c", size = 150438, upload-time = "2026-02-24T03:57:52.198Z" },
    { url = "https://files.pythonhosted.org/packages/5c/18/45bf8f297c41b42a1c231d261141097babd953d2c28a07be57ae4c3a1a02/ijson-3.5.0-cp314-cp314-musllinux_1_2_i686.whl", hash = "sha256:e44af39e6f8a17e5627dcd89715d8279bf3474153ff99aae031a936e5c5572e5", size = 144369, upload-time = "2026-02-24T03:57:53.22Z" },
    { url = "https://files.pythonhosted.org/packages/9b/3a/deb9772bb2c0cead7ad64f00c3598eec9072bdf511818e70e2c512eeabbe/ijson-3.5.0-cp314-cp314-musllinux_1_2_x86_64.whl", hash = "sha256:9260332304b7e7828db56d43f08fc970a3ab741bf84ff10189361ea1b60c395b", size = 151352, upload-time = "2026-02-24T03:57:54.375Z" },
    { url = "https://files.pythonhosted.org/packages/e4/51/67f4d80cd58ad7eab0cd1af5fe28b961886338956b2f88c0979e21914346/ijson-3.5.0-cp314-cp314-win32.whl", hash = "sha256:63bc8121bb422f6969ced270173a3fa692c29d4ae30c860a2309941abd81012a", size = 53610, upload-time = "2026-02-24T03:57:55.655Z" },
    { url = "https://files.pythonhosted.org/packages/70/d3/263672ea22983ba3940f1534316dbc9200952c1c2a2332d7a664e4eaa7ae/ijson-3.5.0-cp314-cp314-win_amd64.whl", hash = "sha256:01b6dad72b7b7df225ef970d334556dfad46c696a2c6767fb5d9ed8889728bca", size = 56301, upload-time = "2026-02-24T03:57:56.584Z" },
    { url = "https://files.pythonhosted.org/packages/9f/d9/86f7fac35e0835faa188085ae0579e813493d5261ce056484015ad533445/ijson-3.5.0-cp314-cp314t-macosx_10_15_universal2.whl", hash = "sha256:2ea4b676ec98e374c1df400a47929859e4fa1239274339024df4716e802aa7e4", size = 93069, upload-time = "2026-02-24T03:57:57.849Z" },
    { url = "https://files.pythonhosted.org/packages/33/d2/e7366ed9c6e60228d35baf4404bac01a126e7775ea8ce57f560125ed190a/ijson-3.5.0-cp314-cp314t-macosx_10_15_x86_64.whl", hash = "sha256:014586eec043e23c80be9a923c56c3a0920a0f1f7d17478ce7bc20ba443968ef", size = 62767, upload-time = "2026-02-24T03:57:58.758Z" },
    { url = "https://files.pythonhosted.org/packages/35/8b/3e703e8cc4b3ada79f13b28070b51d9550c578f76d1968657905857b2ddd/ijson-3.5.0-cp314-cp314t-macosx_11_0_arm64.whl", hash = "sha256:d5b8b886b0248652d437f66e7c5ac318bbdcb2c7137a7e5327a68ca00b286f5f", size = 62467, upload-time = "2026-02-24T03:58:00.261Z" },
    { url = "https://files.pythonhosted.org/packages/21/42/0c91af32c1ee8a957fdac2e051b5780756d05fd34e4b60d94a08d51bac1d/ijson-3.5.0-cp314-cp314t-manylinux1_i686.manylinux_2_28_i686.manylinux_2_5_i686.whl", hash = "sha256:498fd46ae2349297e43acf97cdc421e711dbd7198418677259393d2acdc62d78", size = 200447, upload-time = "2026-02-24T03:58:01.591Z" },
    { url = "https://files.pythonhosted.org/packages/f9/80/796ea0e391b7e2d45c5b1b451734bba03f81c2984cf955ea5eaa6c4920ad/ijson-3.5.0-cp314-cp314t-manylinux2014_aarch64.manylinux_2_17_aarch64.manylinux_2_28_aarch64.whl", hash = "sha256:22a51b4f9b81f12793731cf226266d1de2112c3c04ba4a04117ad4e466897e05", size = 217820, upload-time = "2026-02-24T03:58:02.598Z" },
    { url = "https://files.pythonhosted.org/packages/38/14/52b6613fdda4078c62eb5b4fe3efc724ddc55a4ad524c93de51830107aa3/ijson-3.5.0-cp314-cp314t-manylinux2014_x86_64.manylinux_2_17_x86_64.manylinux_2_28_x86_64.whl", hash = "sha256:9636c710dc4ac4a281baa266a64f323b4cc165cec26836af702c44328b59a515", size = 208310, upload-time = "2026-02-24T03:58:04.759Z" },
    { url = "https://files.pythonhosted.org/packages/6a/ad/8b3105a78774fd4a65e534a21d975ef3a77e189489fe3029ebcaeba5e243/ijson-3.5.0-cp314-cp314t-musllinux_1_2_aarch64.whl", hash = "sha256:f7168a39e8211107666d71b25693fd1b2bac0b33735ef744114c403c6cac21e1", size = 211843, upload-time = "2026-02-24T03:58:05.836Z" },
    { url = "https://files.pythonhosted.org/packages/36/ab/a2739f6072d6e1160581bc3ed32da614c8cced023dcd519d9c5fa66e0425/ijson-3.5.0-cp314-cp314t-musllinux_1_2_i686.whl", hash = "sha256:8696454245415bc617ab03b0dc3ae4c86987df5dc6a90bad378fe72c5409d89e", size = 200906, upload-time = "2026-02-24T03:58:07.788Z" },
    { url = "https://files.pythonhosted.org/packages/6d/5e/e06c2de3c3d4a9cfb655c1ad08a68fb72838d271072cdd3196576ac4431a/ijson-3.5.0-cp314-cp314t-musllinux_1_2_x86_64.whl", hash = "sha256:c21bfb61f71f191565885bf1bc29e0a186292d866b4880637b833848360bdc1b", size = 205495, upload-time = "2026-02-24T03:58:09.163Z" },
    { url = "https://files.pythonhosted.org/packages/7c/11/778201eb2e202ddd76b36b0fb29bf3d8e3c167389d8aa883c62524e49f47/ijson-3.5.0-cp314-cp314t-win32.whl", hash = "sha256:a2619460d6795b70d0155e5bf016200ac8a63ab5397aa33588bb02b6c21759e6", size = 56280, upload-time = "2026-02-24T03:58:10.116Z" },
    { url = "https://files.pythonhosted.org/packages/23/28/96711503245339084c8086b892c47415895eba49782d6cc52d9f4ee50301/ijson-3.5.0-cp314-cp314t-win_amd64.whl", hash = "sha256:4f24b78d4ef028d17eb57ad1b16c0aed4a17bdd9badbf232dc5d9305b7e13854", size = 58965, upload-time = "2026-02-24T03:58:11.278Z" },
]

[[package]]
name = "project-bakin-505"
version = "0.1.0"
source = { editable = "." }
dependencies = [
    { name = "dotenv" },
    { name = "ijson" },
    { name = "wonderwords" },
]

[package.dev-dependencies]
dev = [
    { name = "ruff" },
]

[package.metadata]
requires-dist = [
    { name = "dotenv", specifier = ">=0.9.9" },
    { name = "ijson", specifier = ">=3.5.0" },
    { name = "wonderwords", specifier = ">=3.0.1" },
]

[package.metadata.requires-dev]
dev = [{ name = "ruff", specifier = ">=0.15.1" }]

[[package]]
name = "python-dotenv"
version = "1.2.2"
source = { registry = "https://pypi.org/simple" }
sdist = { url = "https://files.pythonhosted.org/packages/82/ed/0301aeeac3e5353ef3d94b6ec08bbcabd04a72018415dcb29e588514bba8/python_dotenv-1.2.2.tar.gz", hash = "sha256:2c371a91fbd7ba082c2c1dc1f8bf89ca22564a087c2c287cd9b662adde799cf3", size = 50135, upload-time = "2026-03-01T16:00:26.196Z" }
wheels = [
    { url = "https://files.pythonhosted.org/packages/0b/d7/1959b9648791274998a9c3526f6d0ec8fd2233e4d4acce81bbae76b44b2a/python_dotenv-1.2.2-py3-none-any.whl", hash = "sha256:1d8214789a24de455a8b8bd8ae6fe3c6b69a5e3d64aa8a8e5d68e694bbcb285a", size = 22101, upload-time = "2026-03-01T16:00:25.09Z" },
]

[[package]]
name = "ruff"
version = "0.15.1"
source = { registry = "https://pypi.org/simple" }
sdist = { url = "https://files.pythonhosted.org/packages/04/dc/4e6ac71b511b141cf626357a3946679abeba4cf67bc7cc5a17920f31e10d/ruff-0.15.1.tar.gz", hash = "sha256:c590fe13fb57c97141ae975c03a1aedb3d3156030cabd740d6ff0b0d601e203f", size = 4540855, upload-time = "2026-02-12T23:09:09.998Z" }
wheels = [
    { url = "https://files.pythonhosted.org/packages/23/bf/e6e4324238c17f9d9120a9d60aa99a7daaa21204c07fcd84e2ef03bb5fd1/ruff-0.15.1-py3-none-linux_armv6l.whl", hash = "sha256:b101ed7cf4615bda6ffe65bdb59f964e9f4a0d3f85cbf0e54f0ab76d7b90228a", size = 10367819, upload-time = "2026-02-12T23:09:03.598Z" },
    { url = "https://files.pythonhosted.org/packages/b3/ea/c8f89d32e7912269d38c58f3649e453ac32c528f93bb7f4219258be2e7ed/ruff-0.15.1-py3-none-macosx_10_12_x86_64.whl", hash = "sha256:939c995e9277e63ea632cc8d3fae17aa758526f49a9a850d2e7e758bfef46602", size = 10798618, upload-time = "2026-02-12T23:09:22.928Z" },
    { url = "https://files.pythonhosted.org/packages/5e/0f/1d0d88bc862624247d82c20c10d4c0f6bb2f346559d8af281674cf327f15/ruff-0.15.1-py3-none-macosx_11_0_arm64.whl", hash = "sha256:1d83466455fdefe60b8d9c8df81d3c1bbb2115cede53549d3b522ce2bc703899", size = 10148518, upload-time = "2026-02-12T23:08:58.339Z" },
    { url = "https://files.pythonhosted.org/packages/f5/c8/291c49cefaa4a9248e986256df2ade7add79388fe179e0691be06fae6f37/ruff-0.15.1-py3-none-manylinux_2_17_aarch64.manylinux2014_aarch64.whl", hash = "sha256:a9457e3c3291024866222b96108ab2d8265b477e5b1534c7ddb1810904858d16", size = 10518811, upload-time = "2026-02-12T23:09:31.865Z" },
    { url = "https://files.pythonhosted.org/packages/c3/1a/f5707440e5ae43ffa5365cac8bbb91e9665f4a883f560893829cf16a606b/ruff-0.15.1-py3-none-manylinux_2_17_armv7l.manylinux2014_armv7l.whl", hash = "sha256:92c92b003e9d4f7fbd33b1867bb15a1b785b1735069108dfc23821ba045b29bc", size = 10196169, upload-time = "2026-02-12T23:09:17.306Z" },
    { url = "https://files.pythonhosted.org/packages/2a/ff/26ddc8c4da04c8fd3ee65a89c9fb99eaa5c30394269d424461467be2271f/ruff-0.15.1-py3-none-manylinux_2_17_i686.manylinux2014_i686.whl", hash = "sha256:1fe5c41ab43e3a06778844c586251eb5a510f67125427625f9eb2b9526535779", size = 10990491, upload-time = "2026-02-12T23:09:25.503Z" },
    { url = "https://files.pythonhosted.org/packages/fc/00/50920cb385b89413f7cdb4bb9bc8fc59c1b0f30028d8bccc294189a54955/ruff-0.15.1-py3-none-manylinux_2_17_ppc64le.manylinux2014_ppc64le.whl", hash = "sha256:66a6dd6df4d80dc382c6484f8ce1bcceb55c32e9f27a8b94c32f6c7331bf14fb", size = 11843280, upload-time = "2026-02-12T23:09:19.88Z" },
    { url = "https://files.pythonhosted.org/packages/5d/6d/2f5cad8380caf5632a15460c323ae326f1e1a2b5b90a6ee7519017a017ca/ruff-0.15.1-py3-none-manylinux_2_17_s390x.manylinux2014_s390x.whl", hash = "sha256:6a4a42cbb8af0bda9bcd7606b064d7c0bc311a88d141d02f78920be6acb5aa83", size = 11274336, upload-time = "2026-02-12T23:09:14.907Z" },
    { url = "https://files.pythonhosted.org/packages/a3/1d/5f56cae1d6c40b8a318513599b35ea4b075d7dc1cd1d04449578c29d1d75/ruff-0.15.1-py3-none-manylinux_2_17_x86_64.manylinux2014_x86_64.whl", hash = "sha256:4ab064052c31dddada35079901592dfba2e05f5b1e43af3954aafcbc1096a5b2", size = 11137288, upload-time = "2026-02-12T23:09:07.475Z" },
    { url = "https://files.pythonhosted.org/packages/cd/20/6f8d7d8f768c93b0382b33b9306b3b999918816da46537d5a61635514635/ruff-0.15.1-py3-none-manylinux_2_31_riscv64.whl", hash = "sha256:5631c940fe9fe91f817a4c2ea4e81f47bee3ca4aa646134a24374f3c19ad9454", size = 11070681, upload-time = "2026-02-12T23:08:55.43Z" },
    { url = "https://files.pythonhosted.org/packages/9a/67/d640ac76069f64cdea59dba02af2e00b1fa30e2103c7f8d049c0cff4cafd/ruff-0.15.1-py3-none-musllinux_1_2_aarch64.whl", hash = "sha256:68138a4ba184b4691ccdc39f7795c66b3c68160c586519e7e8444cf5a53e1b4c", size = 10486401, upload-time = "2026-02-12T23:09:27.927Z" },
    { url = "https://files.pythonhosted.org/packages/65/3d/e1429f64a3ff89297497916b88c32a5cc88eeca7e9c787072d0e7f1d3e1e/ruff-0.15.1-py3-none-musllinux_1_2_armv7l.whl", hash = "sha256:518f9af03bfc33c03bdb4cb63fabc935341bb7f54af500f92ac309ecfbba6330", size = 10197452, upload-time = "2026-02-12T23:09:12.147Z" },
    { url = "https://files.pythonhosted.org/packages/78/83/e2c3bade17dad63bf1e1c2ffaf11490603b760be149e1419b07049b36ef2/ruff-0.15.1-py3-none-musllinux_1_2_i686.whl", hash = "sha256:da79f4d6a826caaea95de0237a67e33b81e6ec2e25fc7e1993a4015dffca7c61", size = 10693900, upload-time = "2026-02-12T23:09:34.418Z" },
    { url = "https://files.pythonhosted.org/packages/a1/27/fdc0e11a813e6338e0706e8b39bb7a1d61ea5b36873b351acee7e524a72a/ruff-0.15.1-py3-none-musllinux_1_2_x86_64.whl", hash = "sha256:3dd86dccb83cd7d4dcfac303ffc277e6048600dfc22e38158afa208e8bf94a1f", size = 11227302, upload-time = "2026-02-12T23:09:36.536Z" },
    { url = "https://files.pythonhosted.org/packages/f6/58/ac864a75067dcbd3b95be5ab4eb2b601d7fbc3d3d736a27e391a4f92a5c1/ruff-0.15.1-py3-none-win32.whl", hash = "sha256:660975d9cb49b5d5278b12b03bb9951d554543a90b74ed5d366b20e2c57c2098", size = 10462555, upload-time = "2026-02-12T23:09:29.899Z" },
    { url = "https://files.pythonhosted.org/packages/e0/5e/d4ccc8a27ecdb78116feac4935dfc39d1304536f4296168f91ed3ec00cd2/ruff-0.15.1-py3-none-win_amd64.whl", hash = "sha256:c820fef9dd5d4172a6570e5721704a96c6679b80cf7be41659ed439653f62336", size = 11599956, upload-time = "2026-02-12T23:09:01.157Z" },
    { url = "https://files.pythonhosted.org/packages/2a/07/5bda6a85b220c64c65686bc85bd0bbb23b29c62b3a9f9433fa55f17cda93/ruff-0.15.1-py3-none-win_arm64.whl", hash = "sha256:5ff7d5f0f88567850f45081fac8f4ec212be8d0b963e385c3f7d0d2eb4899416", size = 10874604, upload-time = "2026-02-12T23:09:05.515Z" },
]

[[package]]
name = "wonderwords"
version = "3.0.1"
source = { registry = "https://pypi.org/simple" }
sdist = { url = "https://files.pythonhosted.org/packages/ff/23/e144fc3dfabb845dc1d94c45315d97b308cf75a664e3db3a89aeb1cb505d/wonderwords-3.0.1.tar.gz", hash = "sha256:5ee43ab6f13823a857a7c3d58c7b4db6a1350bd3aa5f914ed379ad49042a1c36", size = 73339, upload-time = "2025-10-30T17:30:44.231Z" }
wheels = [
    { url = "https://files.pythonhosted.org/packages/a4/75/855c2062d28b8e9247939f8262fb2f4ff3b12a49e4bab9fd1ba16cc5df82/wonderwords-3.0.1-py3-none-any.whl", hash = "sha256:4dd66deb6a76ca9e0b0422d1d3e111f9b910d7c16922d42de733ee8def98f8d0", size = 51658, upload-time = "2025-10-30T17:30:42.785Z" },
]
